
Microsoft Visual Studio Solution File, Format Version 12.00
# Visual Studio Version 17
VisualStudioVersion = 17.12.35707.178 d17.12
MinimumVisualStudioVersion = 10.0.40219.1
Project("{FAE04EC0-301F-11D3-BF4B-00C04F79EFBC}") = "SibersProject", "SibersProject\SibersProject.csproj", "{9257A006-31C3-4C9E-AC17-951184CDADAE}"
EndProject
Project("{FAE04EC0-301F-11D3-BF4B-00C04F79EFBC}") = "Domain", "Domain\Domain.csproj", "{5EC80C39-199E-4691-B9E9-151FAE726AF0}"
EndProject
Project("{FAE04EC0-301F-11D3-BF4B-00C04F79EFBC}") = "Services", "Service\Services.csproj", "{77164CA0-8DCD-456F-B61D-DF5351CDED5A}"
EndProject
Project("{FAE04EC0-301F-11D3-BF4B-00C04F79EFBC}") = "Data", "Data\Data.csproj", "{53E7FDFD-D34F-4B58-9A50-C8DB9763E690}"
EndProject
Global
	GlobalSection(SolutionConfigurationPlatforms) = preSolution
		Debug|Any CPU = Debug|Any CPU
		Release|Any CPU = Release|Any CPU
	EndGlobalSection
	GlobalSection(ProjectConfigurationPlatforms) = postSolution
		{9257A006-31C3-4C9E-AC17-951184CDADAE}.Debug|Any CPU.ActiveCfg = Debug|Any CPU
		{9257A006-31C3-4C9E-AC17-951184CDADAE}.Debug|Any CPU.Build.0 = Debug|Any CPU
		{9257A006-31C3-4C9E-AC17-951184CDADAE}.Release|Any CPU.ActiveCfg = Release|Any CPU
		{9257A006-31C3-4C9E-AC17-951184CDADAE}.Release|Any CPU.Build.0 = Release|Any CPU
		{5EC80C39-199E-4691-B9E9-151FAE726AF0}.Debug|Any CPU.ActiveCfg = Debug|Any CPU
		{5EC80C39-199E-4691-B9E9-151FAE726AF0}.Debug|Any CPU.Build.0 = Debug|Any CPU
		{5EC80C39-199E-4691-B9E9-151FAE726AF0}.Release|Any CPU.ActiveCfg = Release|Any CPU
		{5EC80C39-199E-4691-B9E9-151FAE726AF0}.Release|Any CPU.Build.0 = Release|Any CPU
		{77164CA0-8DCD-456F-B61D-DF5351CDED5A}.Debug|Any CPU.ActiveCfg = Debug|Any CPU
		{77164CA0-8DCD-456F-B61D-DF5351CDED5A}.Debug|Any CPU.Build.0 = Debug|Any CPU
		{77164CA0-8DCD-456F-B61D-DF5351CDED5A}.Release|Any CPU.ActiveCfg = Release|Any CPU
		{77164CA0-8DCD-456F-B61D-DF5351CDED5A}.Release|Any CPU.Build.0 = Release|Any CPU
		{53E7FDFD-D34F-4B58-9A50-C8DB9763E690}.Debug|Any CPU.ActiveCfg = Debug|Any CPU
		{53E7FDFD-D34F-4B58-9A50-C8DB9763E690}.Debug|Any CPU.Build.0 = Debug|Any CPU
		{53E7FDFD-D34F-4B58-9A50-C8DB9763E690}.Release|Any CPU.ActiveCfg = Release|Any CPU
		{53E7FDFD-D34F-4B58-9A50-C8DB9763E690}.Release|Any CPU.Build.0 = Release|Any CPU
	EndGlobalSection
	GlobalSection(SolutionProperties) = preSolution
		HideSolutionNode = FALSE
	EndGlobalSection
EndGlobal
